// !$*UTF8*$!
{
	archiveVersion = 1;
	classes = {
	};
	objectVersion = 56;
	objects = {

/* Begin PBXBuildFile section */
		372C7BE52BAE5C7E00DCD41E /* SongDetailView.swift in Sources */ = {isa = PBXBuildFile; fileRef = 372C7BE42BAE5C7E00DCD41E /* SongDetailView.swift */; };
		372C7BEA2BAE614900DCD41E /* SpotifyServiceImpl.swift in Sources */ = {isa = PBXBuildFile; fileRef = 372C7BE92BAE614900DCD41E /* SpotifyServiceImpl.swift */; };
		372C7BEC2BAE615600DCD41E /* SpotifyService.swift in Sources */ = {isa = PBXBuildFile; fileRef = 372C7BEB2BAE615600DCD41E /* SpotifyService.swift */; };
		372C7BF22BAE755200DCD41E /* Song.swift in Sources */ = {isa = PBXBuildFile; fileRef = 372C7BF12BAE755200DCD41E /* Song.swift */; };
		372C7BF62BAE773E00DCD41E /* ScrollableSongsView.swift in Sources */ = {isa = PBXBuildFile; fileRef = 372C7BF52BAE773E00DCD41E /* ScrollableSongsView.swift */; };
		9E3134E12BA781030085F9B0 /* GoogleSignIn in Frameworks */ = {isa = PBXBuildFile; productRef = 9E3134E02BA781030085F9B0 /* GoogleSignIn */; };
		9E3134E32BA781030085F9B0 /* GoogleSignInSwift in Frameworks */ = {isa = PBXBuildFile; productRef = 9E3134E22BA781030085F9B0 /* GoogleSignInSwift */; };
		9E3306932B9E454700456572 /* YouPlayApp.swift in Sources */ = {isa = PBXBuildFile; fileRef = 9E3306922B9E454700456572 /* YouPlayApp.swift */; };
		9E3306952B9E454700456572 /* RootView.swift in Sources */ = {isa = PBXBuildFile; fileRef = 9E3306942B9E454700456572 /* RootView.swift */; };
		9E3306972B9E454900456572 /* Assets.xcassets in Resources */ = {isa = PBXBuildFile; fileRef = 9E3306962B9E454900456572 /* Assets.xcassets */; };
		9E33069A2B9E454900456572 /* Preview Assets.xcassets in Resources */ = {isa = PBXBuildFile; fileRef = 9E3306992B9E454900456572 /* Preview Assets.xcassets */; };
		9E3306AC2B9E467F00456572 /* User.swift in Sources */ = {isa = PBXBuildFile; fileRef = 9E3306AB2B9E467F00456572 /* User.swift */; };
		9E3306B12B9E471B00456572 /* ProfileViewModel.swift in Sources */ = {isa = PBXBuildFile; fileRef = 9E3306B02B9E471B00456572 /* ProfileViewModel.swift */; };
		9E3306B42B9E479100456572 /* UserService.swift in Sources */ = {isa = PBXBuildFile; fileRef = 9E3306B32B9E479100456572 /* UserService.swift */; };
		9E3306B92B9E4AAB00456572 /* ProfileView.swift in Sources */ = {isa = PBXBuildFile; fileRef = 9E3306B82B9E4AAB00456572 /* ProfileView.swift */; };
		9E3306BB2B9E52B500456572 /* UserServiceImpl.swift in Sources */ = {isa = PBXBuildFile; fileRef = 9E3306BA2B9E52B500456572 /* UserServiceImpl.swift */; };
		9E6B0A462BAF3FA200836A50 /* SpotifyService.plist in Resources */ = {isa = PBXBuildFile; fileRef = 9E6B0A452BAF3FA200836A50 /* SpotifyService.plist */; };
		9E6B0A482BB0E98300836A50 /* SpotifyResponses.swift in Sources */ = {isa = PBXBuildFile; fileRef = 9E6B0A472BB0E98200836A50 /* SpotifyResponses.swift */; };
		9E6B0A512BB0F4F300836A50 /* NetworkService.swift in Sources */ = {isa = PBXBuildFile; fileRef = 9E6B0A502BB0F4F300836A50 /* NetworkService.swift */; };
		9EE687152BA1683100A3B9F2 /* SearchView.swift in Sources */ = {isa = PBXBuildFile; fileRef = 9EE687142BA1683100A3B9F2 /* SearchView.swift */; };
		9EE687192BA1686700A3B9F2 /* SearchViewModel.swift in Sources */ = {isa = PBXBuildFile; fileRef = 9EE687182BA1686700A3B9F2 /* SearchViewModel.swift */; };
		9EE6871D2BA168E200A3B9F2 /* HomeView.swift in Sources */ = {isa = PBXBuildFile; fileRef = 9EE6871C2BA168E200A3B9F2 /* HomeView.swift */; };
		9EE6871F2BA1690100A3B9F2 /* HomeViewModel.swift in Sources */ = {isa = PBXBuildFile; fileRef = 9EE6871E2BA1690100A3B9F2 /* HomeViewModel.swift */; };
		9EE687232BA1694400A3B9F2 /* PlaylistsView.swift in Sources */ = {isa = PBXBuildFile; fileRef = 9EE687222BA1694400A3B9F2 /* PlaylistsView.swift */; };
		9EE687252BA1697A00A3B9F2 /* PlaylistsViewModel.swift in Sources */ = {isa = PBXBuildFile; fileRef = 9EE687242BA1697A00A3B9F2 /* PlaylistsViewModel.swift */; };
		9EE687272BA169F300A3B9F2 /* TabBarView.swift in Sources */ = {isa = PBXBuildFile; fileRef = 9EE687262BA169F300A3B9F2 /* TabBarView.swift */; };
		9EE6872C2BA5027000A3B9F2 /* FirebaseAnalytics in Frameworks */ = {isa = PBXBuildFile; productRef = 9EE6872B2BA5027000A3B9F2 /* FirebaseAnalytics */; };
		9EE6872E2BA5027000A3B9F2 /* FirebaseAnalyticsOnDeviceConversion in Frameworks */ = {isa = PBXBuildFile; productRef = 9EE6872D2BA5027000A3B9F2 /* FirebaseAnalyticsOnDeviceConversion */; };
		9EE687302BA5027000A3B9F2 /* FirebaseAnalyticsSwift in Frameworks */ = {isa = PBXBuildFile; productRef = 9EE6872F2BA5027000A3B9F2 /* FirebaseAnalyticsSwift */; };
		9EE687322BA5027000A3B9F2 /* FirebaseAnalyticsWithoutAdIdSupport in Frameworks */ = {isa = PBXBuildFile; productRef = 9EE687312BA5027000A3B9F2 /* FirebaseAnalyticsWithoutAdIdSupport */; };
		9EE687342BA5027000A3B9F2 /* FirebaseAppCheck in Frameworks */ = {isa = PBXBuildFile; productRef = 9EE687332BA5027000A3B9F2 /* FirebaseAppCheck */; };
		9EE687362BA5047A00A3B9F2 /* Constants.swift in Sources */ = {isa = PBXBuildFile; fileRef = 9EE687352BA5047A00A3B9F2 /* Constants.swift */; };
		9EE6873A2BA504D100A3B9F2 /* AuthService.swift in Sources */ = {isa = PBXBuildFile; fileRef = 9EE687392BA504D100A3B9F2 /* AuthService.swift */; };
		9EE6873C2BA5126400A3B9F2 /* AuthServiceImpl.swift in Sources */ = {isa = PBXBuildFile; fileRef = 9EE6873B2BA5126400A3B9F2 /* AuthServiceImpl.swift */; };
		9EE6873E2BA5133800A3B9F2 /* FirebaseAnalytics in Frameworks */ = {isa = PBXBuildFile; productRef = 9EE6873D2BA5133800A3B9F2 /* FirebaseAnalytics */; };
		9EE687402BA5133800A3B9F2 /* FirebaseAnalyticsOnDeviceConversion in Frameworks */ = {isa = PBXBuildFile; productRef = 9EE6873F2BA5133800A3B9F2 /* FirebaseAnalyticsOnDeviceConversion */; };
		9EE687422BA5133800A3B9F2 /* FirebaseAnalyticsSwift in Frameworks */ = {isa = PBXBuildFile; productRef = 9EE687412BA5133800A3B9F2 /* FirebaseAnalyticsSwift */; };
		9EE687442BA5133800A3B9F2 /* FirebaseAnalyticsWithoutAdIdSupport in Frameworks */ = {isa = PBXBuildFile; productRef = 9EE687432BA5133800A3B9F2 /* FirebaseAnalyticsWithoutAdIdSupport */; };
		9EE687462BA5133800A3B9F2 /* FirebaseAppCheck in Frameworks */ = {isa = PBXBuildFile; productRef = 9EE687452BA5133800A3B9F2 /* FirebaseAppCheck */; };
		9EE687482BA5133800A3B9F2 /* FirebaseAppDistribution-Beta in Frameworks */ = {isa = PBXBuildFile; productRef = 9EE687472BA5133800A3B9F2 /* FirebaseAppDistribution-Beta */; };
		9EE6874A2BA5133800A3B9F2 /* FirebaseAuth in Frameworks */ = {isa = PBXBuildFile; productRef = 9EE687492BA5133800A3B9F2 /* FirebaseAuth */; };
		9EE6874C2BA5133800A3B9F2 /* FirebaseAuthCombine-Community in Frameworks */ = {isa = PBXBuildFile; productRef = 9EE6874B2BA5133800A3B9F2 /* FirebaseAuthCombine-Community */; };
		9EE6874E2BA5133800A3B9F2 /* FirebaseCrashlytics in Frameworks */ = {isa = PBXBuildFile; productRef = 9EE6874D2BA5133800A3B9F2 /* FirebaseCrashlytics */; };
		9EE687502BA5133800A3B9F2 /* FirebaseDatabase in Frameworks */ = {isa = PBXBuildFile; productRef = 9EE6874F2BA5133800A3B9F2 /* FirebaseDatabase */; };
		9EE687522BA5133800A3B9F2 /* FirebaseDatabaseSwift in Frameworks */ = {isa = PBXBuildFile; productRef = 9EE687512BA5133800A3B9F2 /* FirebaseDatabaseSwift */; };
		9EE687542BA5133800A3B9F2 /* FirebaseDynamicLinks in Frameworks */ = {isa = PBXBuildFile; productRef = 9EE687532BA5133800A3B9F2 /* FirebaseDynamicLinks */; };
		9EE687562BA5133800A3B9F2 /* FirebaseFirestore in Frameworks */ = {isa = PBXBuildFile; productRef = 9EE687552BA5133800A3B9F2 /* FirebaseFirestore */; };
		9EE687582BA5133800A3B9F2 /* FirebaseFirestoreCombine-Community in Frameworks */ = {isa = PBXBuildFile; productRef = 9EE687572BA5133800A3B9F2 /* FirebaseFirestoreCombine-Community */; };
		9EE6875A2BA5133800A3B9F2 /* FirebaseFirestoreSwift in Frameworks */ = {isa = PBXBuildFile; productRef = 9EE687592BA5133800A3B9F2 /* FirebaseFirestoreSwift */; };
		9EE6875C2BA5133800A3B9F2 /* FirebaseFunctions in Frameworks */ = {isa = PBXBuildFile; productRef = 9EE6875B2BA5133800A3B9F2 /* FirebaseFunctions */; };
		9EE6875E2BA5133800A3B9F2 /* FirebaseFunctionsCombine-Community in Frameworks */ = {isa = PBXBuildFile; productRef = 9EE6875D2BA5133800A3B9F2 /* FirebaseFunctionsCombine-Community */; };
		9EE687602BA5133800A3B9F2 /* FirebaseInAppMessaging-Beta in Frameworks */ = {isa = PBXBuildFile; productRef = 9EE6875F2BA5133800A3B9F2 /* FirebaseInAppMessaging-Beta */; };
		9EE687622BA5133800A3B9F2 /* FirebaseInAppMessagingSwift-Beta in Frameworks */ = {isa = PBXBuildFile; productRef = 9EE687612BA5133800A3B9F2 /* FirebaseInAppMessagingSwift-Beta */; };
		9EE687642BA5133800A3B9F2 /* FirebaseInstallations in Frameworks */ = {isa = PBXBuildFile; productRef = 9EE687632BA5133800A3B9F2 /* FirebaseInstallations */; };
		9EE687662BA5133800A3B9F2 /* FirebaseMLModelDownloader in Frameworks */ = {isa = PBXBuildFile; productRef = 9EE687652BA5133800A3B9F2 /* FirebaseMLModelDownloader */; };
		9EE687682BA5133800A3B9F2 /* FirebaseMessaging in Frameworks */ = {isa = PBXBuildFile; productRef = 9EE687672BA5133800A3B9F2 /* FirebaseMessaging */; };
		9EE6876A2BA5133800A3B9F2 /* FirebasePerformance in Frameworks */ = {isa = PBXBuildFile; productRef = 9EE687692BA5133800A3B9F2 /* FirebasePerformance */; };
		9EE6876C2BA5133800A3B9F2 /* FirebaseRemoteConfig in Frameworks */ = {isa = PBXBuildFile; productRef = 9EE6876B2BA5133800A3B9F2 /* FirebaseRemoteConfig */; };
		9EE6876E2BA5133800A3B9F2 /* FirebaseRemoteConfigSwift in Frameworks */ = {isa = PBXBuildFile; productRef = 9EE6876D2BA5133800A3B9F2 /* FirebaseRemoteConfigSwift */; };
		9EE687702BA5133800A3B9F2 /* FirebaseStorage in Frameworks */ = {isa = PBXBuildFile; productRef = 9EE6876F2BA5133800A3B9F2 /* FirebaseStorage */; };
		9EE687722BA5133800A3B9F2 /* FirebaseStorageCombine-Community in Frameworks */ = {isa = PBXBuildFile; productRef = 9EE687712BA5133800A3B9F2 /* FirebaseStorageCombine-Community */; };
		9EE687742BA519AC00A3B9F2 /* GoogleService-Info.plist in Resources */ = {isa = PBXBuildFile; fileRef = 9EE687732BA519AC00A3B9F2 /* GoogleService-Info.plist */; };
		9EE687772BA51BF200A3B9F2 /* ValidationUtil.swift in Sources */ = {isa = PBXBuildFile; fileRef = 9EE687762BA51BF200A3B9F2 /* ValidationUtil.swift */; };
		9EE6877F2BA63C0500A3B9F2 /* LoginView.swift in Sources */ = {isa = PBXBuildFile; fileRef = 9EE6877E2BA63C0500A3B9F2 /* LoginView.swift */; };
		9EE687832BA63CF800A3B9F2 /* SignUpView.swift in Sources */ = {isa = PBXBuildFile; fileRef = 9EE687822BA63CF800A3B9F2 /* SignUpView.swift */; };
		9EE687892BA63FE800A3B9F2 /* RootViewModel.swift in Sources */ = {isa = PBXBuildFile; fileRef = 9EE687882BA63FE800A3B9F2 /* RootViewModel.swift */; };
		9EE6878B2BA6413200A3B9F2 /* AuthView.swift in Sources */ = {isa = PBXBuildFile; fileRef = 9EE6878A2BA6413200A3B9F2 /* AuthView.swift */; };
		9EE6878D2BA6418E00A3B9F2 /* AuthViewModel.swift in Sources */ = {isa = PBXBuildFile; fileRef = 9EE6878C2BA6418E00A3B9F2 /* AuthViewModel.swift */; };
		9EE687902BA645C600A3B9F2 /* CircularProfileImageView.swift in Sources */ = {isa = PBXBuildFile; fileRef = 9EE6878F2BA645C600A3B9F2 /* CircularProfileImageView.swift */; };
		9EE687922BA64D9600A3B9F2 /* Routes.swift in Sources */ = {isa = PBXBuildFile; fileRef = 9EE687912BA64D9600A3B9F2 /* Routes.swift */; };
		9EE687952BA6854200A3B9F2 /* StorageService.swift in Sources */ = {isa = PBXBuildFile; fileRef = 9EE687942BA6854200A3B9F2 /* StorageService.swift */; };
		9EE687982BA6856200A3B9F2 /* StorageServiceImpl.swift in Sources */ = {isa = PBXBuildFile; fileRef = 9EE687972BA6856200A3B9F2 /* StorageServiceImpl.swift */; };
		9EE6879A2BA6938300A3B9F2 /* ResetPasswordView.swift in Sources */ = {isa = PBXBuildFile; fileRef = 9EE687992BA6938300A3B9F2 /* ResetPasswordView.swift */; };
/* End PBXBuildFile section */

/* Begin PBXFileReference section */
		372C7BE42BAE5C7E00DCD41E /* SongDetailView.swift */ = {isa = PBXFileReference; lastKnownFileType = sourcecode.swift; path = SongDetailView.swift; sourceTree = "<group>"; };
		372C7BE92BAE614900DCD41E /* SpotifyServiceImpl.swift */ = {isa = PBXFileReference; lastKnownFileType = sourcecode.swift; path = SpotifyServiceImpl.swift; sourceTree = "<group>"; };
		372C7BEB2BAE615600DCD41E /* SpotifyService.swift */ = {isa = PBXFileReference; lastKnownFileType = sourcecode.swift; path = SpotifyService.swift; sourceTree = "<group>"; };
		372C7BF12BAE755200DCD41E /* Song.swift */ = {isa = PBXFileReference; lastKnownFileType = sourcecode.swift; path = Song.swift; sourceTree = "<group>"; };
		372C7BF52BAE773E00DCD41E /* ScrollableSongsView.swift */ = {isa = PBXFileReference; lastKnownFileType = sourcecode.swift; path = ScrollableSongsView.swift; sourceTree = "<group>"; };
		9E3134E42BA7812A0085F9B0 /* Info.plist */ = {isa = PBXFileReference; lastKnownFileType = text.plist.xml; path = Info.plist; sourceTree = "<group>"; };
		9E33068F2B9E454700456572 /* YouPlay.app */ = {isa = PBXFileReference; explicitFileType = wrapper.application; includeInIndex = 0; path = YouPlay.app; sourceTree = BUILT_PRODUCTS_DIR; };
		9E3306922B9E454700456572 /* YouPlayApp.swift */ = {isa = PBXFileReference; lastKnownFileType = sourcecode.swift; path = YouPlayApp.swift; sourceTree = "<group>"; };
		9E3306942B9E454700456572 /* RootView.swift */ = {isa = PBXFileReference; lastKnownFileType = sourcecode.swift; path = RootView.swift; sourceTree = "<group>"; };
		9E3306962B9E454900456572 /* Assets.xcassets */ = {isa = PBXFileReference; lastKnownFileType = folder.assetcatalog; path = Assets.xcassets; sourceTree = "<group>"; };
		9E3306992B9E454900456572 /* Preview Assets.xcassets */ = {isa = PBXFileReference; lastKnownFileType = folder.assetcatalog; path = "Preview Assets.xcassets"; sourceTree = "<group>"; };
		9E3306AB2B9E467F00456572 /* User.swift */ = {isa = PBXFileReference; lastKnownFileType = sourcecode.swift; path = User.swift; sourceTree = "<group>"; };
		9E3306B02B9E471B00456572 /* ProfileViewModel.swift */ = {isa = PBXFileReference; lastKnownFileType = sourcecode.swift; path = ProfileViewModel.swift; sourceTree = "<group>"; };
		9E3306B32B9E479100456572 /* UserService.swift */ = {isa = PBXFileReference; lastKnownFileType = sourcecode.swift; path = UserService.swift; sourceTree = "<group>"; };
		9E3306B82B9E4AAB00456572 /* ProfileView.swift */ = {isa = PBXFileReference; lastKnownFileType = sourcecode.swift; path = ProfileView.swift; sourceTree = "<group>"; };
		9E3306BA2B9E52B500456572 /* UserServiceImpl.swift */ = {isa = PBXFileReference; lastKnownFileType = sourcecode.swift; path = UserServiceImpl.swift; sourceTree = "<group>"; };
		9E6B0A452BAF3FA200836A50 /* SpotifyService.plist */ = {isa = PBXFileReference; fileEncoding = 4; lastKnownFileType = text.plist.xml; name = SpotifyService.plist; path = ../../../Downloads/SpotifyService.plist; sourceTree = "<group>"; };
		9E6B0A472BB0E98200836A50 /* SpotifyResponses.swift */ = {isa = PBXFileReference; lastKnownFileType = sourcecode.swift; path = SpotifyResponses.swift; sourceTree = "<group>"; };
		9E6B0A502BB0F4F300836A50 /* NetworkService.swift */ = {isa = PBXFileReference; lastKnownFileType = sourcecode.swift; path = NetworkService.swift; sourceTree = "<group>"; };
		9EE687142BA1683100A3B9F2 /* SearchView.swift */ = {isa = PBXFileReference; lastKnownFileType = sourcecode.swift; path = SearchView.swift; sourceTree = "<group>"; };
		9EE687182BA1686700A3B9F2 /* SearchViewModel.swift */ = {isa = PBXFileReference; lastKnownFileType = sourcecode.swift; path = SearchViewModel.swift; sourceTree = "<group>"; };
		9EE6871C2BA168E200A3B9F2 /* HomeView.swift */ = {isa = PBXFileReference; lastKnownFileType = sourcecode.swift; path = HomeView.swift; sourceTree = "<group>"; };
		9EE6871E2BA1690100A3B9F2 /* HomeViewModel.swift */ = {isa = PBXFileReference; lastKnownFileType = sourcecode.swift; path = HomeViewModel.swift; sourceTree = "<group>"; };
		9EE687222BA1694400A3B9F2 /* PlaylistsView.swift */ = {isa = PBXFileReference; lastKnownFileType = sourcecode.swift; path = PlaylistsView.swift; sourceTree = "<group>"; };
		9EE687242BA1697A00A3B9F2 /* PlaylistsViewModel.swift */ = {isa = PBXFileReference; lastKnownFileType = sourcecode.swift; path = PlaylistsViewModel.swift; sourceTree = "<group>"; };
		9EE687262BA169F300A3B9F2 /* TabBarView.swift */ = {isa = PBXFileReference; lastKnownFileType = sourcecode.swift; path = TabBarView.swift; sourceTree = "<group>"; };
		9EE687352BA5047A00A3B9F2 /* Constants.swift */ = {isa = PBXFileReference; lastKnownFileType = sourcecode.swift; path = Constants.swift; sourceTree = "<group>"; };
		9EE687392BA504D100A3B9F2 /* AuthService.swift */ = {isa = PBXFileReference; lastKnownFileType = sourcecode.swift; path = AuthService.swift; sourceTree = "<group>"; };
		9EE6873B2BA5126400A3B9F2 /* AuthServiceImpl.swift */ = {isa = PBXFileReference; lastKnownFileType = sourcecode.swift; path = AuthServiceImpl.swift; sourceTree = "<group>"; };
		9EE687732BA519AC00A3B9F2 /* GoogleService-Info.plist */ = {isa = PBXFileReference; fileEncoding = 4; lastKnownFileType = text.plist.xml; path = "GoogleService-Info.plist"; sourceTree = "<group>"; };
		9EE687762BA51BF200A3B9F2 /* ValidationUtil.swift */ = {isa = PBXFileReference; lastKnownFileType = sourcecode.swift; path = ValidationUtil.swift; sourceTree = "<group>"; };
		9EE6877E2BA63C0500A3B9F2 /* LoginView.swift */ = {isa = PBXFileReference; lastKnownFileType = sourcecode.swift; path = LoginView.swift; sourceTree = "<group>"; };
		9EE687822BA63CF800A3B9F2 /* SignUpView.swift */ = {isa = PBXFileReference; lastKnownFileType = sourcecode.swift; path = SignUpView.swift; sourceTree = "<group>"; };
		9EE687882BA63FE800A3B9F2 /* RootViewModel.swift */ = {isa = PBXFileReference; lastKnownFileType = sourcecode.swift; path = RootViewModel.swift; sourceTree = "<group>"; };
		9EE6878A2BA6413200A3B9F2 /* AuthView.swift */ = {isa = PBXFileReference; lastKnownFileType = sourcecode.swift; path = AuthView.swift; sourceTree = "<group>"; };
		9EE6878C2BA6418E00A3B9F2 /* AuthViewModel.swift */ = {isa = PBXFileReference; lastKnownFileType = sourcecode.swift; path = AuthViewModel.swift; sourceTree = "<group>"; };
		9EE6878F2BA645C600A3B9F2 /* CircularProfileImageView.swift */ = {isa = PBXFileReference; lastKnownFileType = sourcecode.swift; path = CircularProfileImageView.swift; sourceTree = "<group>"; };
		9EE687912BA64D9600A3B9F2 /* Routes.swift */ = {isa = PBXFileReference; lastKnownFileType = sourcecode.swift; path = Routes.swift; sourceTree = "<group>"; };
		9EE687942BA6854200A3B9F2 /* StorageService.swift */ = {isa = PBXFileReference; lastKnownFileType = sourcecode.swift; path = StorageService.swift; sourceTree = "<group>"; };
		9EE687972BA6856200A3B9F2 /* StorageServiceImpl.swift */ = {isa = PBXFileReference; lastKnownFileType = sourcecode.swift; path = StorageServiceImpl.swift; sourceTree = "<group>"; };
		9EE687992BA6938300A3B9F2 /* ResetPasswordView.swift */ = {isa = PBXFileReference; lastKnownFileType = sourcecode.swift; path = ResetPasswordView.swift; sourceTree = "<group>"; };
/* End PBXFileReference section */

/* Begin PBXFrameworksBuildPhase section */
		9E33068C2B9E454700456572 /* Frameworks */ = {
			isa = PBXFrameworksBuildPhase;
			buildActionMask = 2147483647;
			files = (
				9EE687682BA5133800A3B9F2 /* FirebaseMessaging in Frameworks */,
				9EE687582BA5133800A3B9F2 /* FirebaseFirestoreCombine-Community in Frameworks */,
				9E3134E12BA781030085F9B0 /* GoogleSignIn in Frameworks */,
				9EE687502BA5133800A3B9F2 /* FirebaseDatabase in Frameworks */,
				9EE687302BA5027000A3B9F2 /* FirebaseAnalyticsSwift in Frameworks */,
				9EE687702BA5133800A3B9F2 /* FirebaseStorage in Frameworks */,
				9EE6872C2BA5027000A3B9F2 /* FirebaseAnalytics in Frameworks */,
				9EE6873E2BA5133800A3B9F2 /* FirebaseAnalytics in Frameworks */,
				9EE6874E2BA5133800A3B9F2 /* FirebaseCrashlytics in Frameworks */,
				9E3134E32BA781030085F9B0 /* GoogleSignInSwift in Frameworks */,
				9EE687562BA5133800A3B9F2 /* FirebaseFirestore in Frameworks */,
				9EE687542BA5133800A3B9F2 /* FirebaseDynamicLinks in Frameworks */,
				9EE687722BA5133800A3B9F2 /* FirebaseStorageCombine-Community in Frameworks */,
				9EE687402BA5133800A3B9F2 /* FirebaseAnalyticsOnDeviceConversion in Frameworks */,
				9EE6875E2BA5133800A3B9F2 /* FirebaseFunctionsCombine-Community in Frameworks */,
				9EE687622BA5133800A3B9F2 /* FirebaseInAppMessagingSwift-Beta in Frameworks */,
				9EE687662BA5133800A3B9F2 /* FirebaseMLModelDownloader in Frameworks */,
				9EE687602BA5133800A3B9F2 /* FirebaseInAppMessaging-Beta in Frameworks */,
				9EE6876A2BA5133800A3B9F2 /* FirebasePerformance in Frameworks */,
				9EE6874C2BA5133800A3B9F2 /* FirebaseAuthCombine-Community in Frameworks */,
				9EE687422BA5133800A3B9F2 /* FirebaseAnalyticsSwift in Frameworks */,
				9EE687522BA5133800A3B9F2 /* FirebaseDatabaseSwift in Frameworks */,
				9EE6872E2BA5027000A3B9F2 /* FirebaseAnalyticsOnDeviceConversion in Frameworks */,
				9EE6876C2BA5133800A3B9F2 /* FirebaseRemoteConfig in Frameworks */,
				9EE687342BA5027000A3B9F2 /* FirebaseAppCheck in Frameworks */,
				9EE6874A2BA5133800A3B9F2 /* FirebaseAuth in Frameworks */,
				9EE6875C2BA5133800A3B9F2 /* FirebaseFunctions in Frameworks */,
				9EE687642BA5133800A3B9F2 /* FirebaseInstallations in Frameworks */,
				9EE6875A2BA5133800A3B9F2 /* FirebaseFirestoreSwift in Frameworks */,
				9EE687442BA5133800A3B9F2 /* FirebaseAnalyticsWithoutAdIdSupport in Frameworks */,
				9EE687462BA5133800A3B9F2 /* FirebaseAppCheck in Frameworks */,
				9EE6876E2BA5133800A3B9F2 /* FirebaseRemoteConfigSwift in Frameworks */,
				9EE687482BA5133800A3B9F2 /* FirebaseAppDistribution-Beta in Frameworks */,
				9EE687322BA5027000A3B9F2 /* FirebaseAnalyticsWithoutAdIdSupport in Frameworks */,
			);
			runOnlyForDeploymentPostprocessing = 0;
		};
/* End PBXFrameworksBuildPhase section */

/* Begin PBXGroup section */
		372C7BE62BAE60D500DCD41E /* SpotifyService */ = {
			isa = PBXGroup;
			children = (
				372C7BE82BAE612800DCD41E /* SpotifyServiceImpl */,
				372C7BEB2BAE615600DCD41E /* SpotifyService.swift */,
			);
			path = SpotifyService;
			sourceTree = "<group>";
		};
		372C7BE82BAE612800DCD41E /* SpotifyServiceImpl */ = {
			isa = PBXGroup;
			children = (
				372C7BE92BAE614900DCD41E /* SpotifyServiceImpl.swift */,
			);
			path = SpotifyServiceImpl;
			sourceTree = "<group>";
		};
		372C7BF32BAE76AD00DCD41E /* ScrollableSongs */ = {
			isa = PBXGroup;
			children = (
				372C7BF52BAE773E00DCD41E /* ScrollableSongsView.swift */,
			);
			path = ScrollableSongs;
			sourceTree = "<group>";
		};
		9E3306862B9E454700456572 = {
			isa = PBXGroup;
			children = (
				9E3306912B9E454700456572 /* YouPlay */,
				9E3306902B9E454700456572 /* Products */,
			);
			sourceTree = "<group>";
		};
		9E3306902B9E454700456572 /* Products */ = {
			isa = PBXGroup;
			children = (
				9E33068F2B9E454700456572 /* YouPlay.app */,
			);
			name = Products;
			sourceTree = "<group>";
		};
		9E3306912B9E454700456572 /* YouPlay */ = {
			isa = PBXGroup;
			children = (
				9E3306A72B9E457F00456572 /* App */,
				9E3306A62B9E457E00456572 /* Components */,
				9E3306A52B9E457D00456572 /* Core */,
				9E3306A42B9E457C00456572 /* Extensions */,
				9E3306A32B9E457B00456572 /* Routing */,
				9E3306A22B9E457A00456572 /* Services */,
				9E3306AA2B9E464E00456572 /* Styles */,
				9E3306A12B9E457900456572 /* Models */,
				9E3306A02B9E457800456572 /* Utils */,
				9E3306962B9E454900456572 /* Assets.xcassets */,
				9E3134E42BA7812A0085F9B0 /* Info.plist */,
				9E6B0A452BAF3FA200836A50 /* SpotifyService.plist */,
				9EE687732BA519AC00A3B9F2 /* GoogleService-Info.plist */,
				9E3306982B9E454900456572 /* Preview Content */,
			);
			path = YouPlay;
			sourceTree = "<group>";
		};
		9E3306982B9E454900456572 /* Preview Content */ = {
			isa = PBXGroup;
			children = (
				9E3306992B9E454900456572 /* Preview Assets.xcassets */,
			);
			path = "Preview Content";
			sourceTree = "<group>";
		};
		9E3306A02B9E457800456572 /* Utils */ = {
			isa = PBXGroup;
			children = (
				9E6B0A522BB0F4F800836A50 /* NetworkService */,
				9EE687752BA51BAC00A3B9F2 /* Validation */,
				9EE687352BA5047A00A3B9F2 /* Constants.swift */,
			);
			path = Utils;
			sourceTree = "<group>";
		};
		9E3306A12B9E457900456572 /* Models */ = {
			isa = PBXGroup;
			children = (
				9E3306AB2B9E467F00456572 /* User.swift */,
				372C7BF12BAE755200DCD41E /* Song.swift */,
				9E6B0A472BB0E98200836A50 /* SpotifyResponses.swift */,
			);
			path = Models;
			sourceTree = "<group>";
		};
		9E3306A22B9E457A00456572 /* Services */ = {
			isa = PBXGroup;
			children = (
				372C7BE62BAE60D500DCD41E /* SpotifyService */,
				9EE687372BA504BF00A3B9F2 /* AuthService */,
				9EE687932BA6852300A3B9F2 /* StorageService */,
				9E3306B22B9E477900456572 /* UserService */,
			);
			path = Services;
			sourceTree = "<group>";
		};
		9E3306A32B9E457B00456572 /* Routing */ = {
			isa = PBXGroup;
			children = (
				9EE687912BA64D9600A3B9F2 /* Routes.swift */,
			);
			path = Routing;
			sourceTree = "<group>";
		};
		9E3306A42B9E457C00456572 /* Extensions */ = {
			isa = PBXGroup;
			children = (
			);
			path = Extensions;
			sourceTree = "<group>";
		};
		9E3306A52B9E457D00456572 /* Core */ = {
			isa = PBXGroup;
			children = (
				9EE687792BA63BC900A3B9F2 /* Auth */,
				9EE687112BA167FB00A3B9F2 /* Home */,
				9EE6870F2BA167F900A3B9F2 /* Playlists */,
				9EE687102BA167FA00A3B9F2 /* Search */,
				9E3306A82B9E45CA00456572 /* Root */,
				9EE6870C2BA1677600A3B9F2 /* TabBar */,
				9E3306AD2B9E470400456572 /* Profile */,
			);
			path = Core;
			sourceTree = "<group>";
		};
		9E3306A62B9E457E00456572 /* Components */ = {
			isa = PBXGroup;
			children = (
				372C7BF32BAE76AD00DCD41E /* ScrollableSongs */,
				9EE6878E2BA645AE00A3B9F2 /* CircularProfileImage */,
				9E6B0A442BAF3EA100836A50 /* SongDetailView */,
			);
			path = Components;
			sourceTree = "<group>";
		};
		9E3306A72B9E457F00456572 /* App */ = {
			isa = PBXGroup;
			children = (
				9E3306922B9E454700456572 /* YouPlayApp.swift */,
			);
			path = App;
			sourceTree = "<group>";
		};
		9E3306A82B9E45CA00456572 /* Root */ = {
			isa = PBXGroup;
			children = (
				9EE687872BA63F9600A3B9F2 /* View */,
				9EE687862BA63F9100A3B9F2 /* ViewModel */,
			);
			path = Root;
			sourceTree = "<group>";
		};
		9E3306AA2B9E464E00456572 /* Styles */ = {
			isa = PBXGroup;
			children = (
			);
			path = Styles;
			sourceTree = "<group>";
		};
		9E3306AD2B9E470400456572 /* Profile */ = {
			isa = PBXGroup;
			children = (
				9E3306AF2B9E470F00456572 /* View */,
				9E3306AE2B9E470E00456572 /* ViewModel */,
			);
			path = Profile;
			sourceTree = "<group>";
		};
		9E3306AE2B9E470E00456572 /* ViewModel */ = {
			isa = PBXGroup;
			children = (
				9E3306B02B9E471B00456572 /* ProfileViewModel.swift */,
			);
			path = ViewModel;
			sourceTree = "<group>";
		};
		9E3306AF2B9E470F00456572 /* View */ = {
			isa = PBXGroup;
			children = (
				9E3306B82B9E4AAB00456572 /* ProfileView.swift */,
			);
			path = View;
			sourceTree = "<group>";
		};
		9E3306B22B9E477900456572 /* UserService */ = {
			isa = PBXGroup;
			children = (
				9E3306B52B9E479300456572 /* UserServiceImpl */,
				9E3306B32B9E479100456572 /* UserService.swift */,
			);
			path = UserService;
			sourceTree = "<group>";
		};
		9E3306B52B9E479300456572 /* UserServiceImpl */ = {
			isa = PBXGroup;
			children = (
				9E3306BA2B9E52B500456572 /* UserServiceImpl.swift */,
			);
			path = UserServiceImpl;
			sourceTree = "<group>";
		};
		9E6B0A442BAF3EA100836A50 /* SongDetailView */ = {
			isa = PBXGroup;
			children = (
				372C7BE42BAE5C7E00DCD41E /* SongDetailView.swift */,
			);
			path = SongDetailView;
			sourceTree = "<group>";
		};
		9E6B0A522BB0F4F800836A50 /* NetworkService */ = {
			isa = PBXGroup;
			children = (
				9E6B0A502BB0F4F300836A50 /* NetworkService.swift */,
			);
			path = NetworkService;
			sourceTree = "<group>";
		};
		9EE6870C2BA1677600A3B9F2 /* TabBar */ = {
			isa = PBXGroup;
			children = (
				9EE687262BA169F300A3B9F2 /* TabBarView.swift */,
			);
			path = TabBar;
			sourceTree = "<group>";
		};
		9EE6870F2BA167F900A3B9F2 /* Playlists */ = {
			isa = PBXGroup;
			children = (
				9EE687212BA1693700A3B9F2 /* View */,
				9EE687202BA1693100A3B9F2 /* ViewModel */,
			);
			path = Playlists;
			sourceTree = "<group>";
		};
		9EE687102BA167FA00A3B9F2 /* Search */ = {
			isa = PBXGroup;
			children = (
				9EE687122BA1681000A3B9F2 /* View */,
				9EE687162BA1683800A3B9F2 /* ViewModel */,
			);
			path = Search;
			sourceTree = "<group>";
		};
		9EE687112BA167FB00A3B9F2 /* Home */ = {
			isa = PBXGroup;
			children = (
				9EE6871B2BA168D300A3B9F2 /* View */,
				9EE6871A2BA168D200A3B9F2 /* ViewModel */,
			);
			path = Home;
			sourceTree = "<group>";
		};
		9EE687122BA1681000A3B9F2 /* View */ = {
			isa = PBXGroup;
			children = (
				9EE687142BA1683100A3B9F2 /* SearchView.swift */,
			);
			path = View;
			sourceTree = "<group>";
		};
		9EE687162BA1683800A3B9F2 /* ViewModel */ = {
			isa = PBXGroup;
			children = (
				9EE687182BA1686700A3B9F2 /* SearchViewModel.swift */,
			);
			path = ViewModel;
			sourceTree = "<group>";
		};
		9EE6871A2BA168D200A3B9F2 /* ViewModel */ = {
			isa = PBXGroup;
			children = (
				9EE6871E2BA1690100A3B9F2 /* HomeViewModel.swift */,
			);
			path = ViewModel;
			sourceTree = "<group>";
		};
		9EE6871B2BA168D300A3B9F2 /* View */ = {
			isa = PBXGroup;
			children = (
				9EE6871C2BA168E200A3B9F2 /* HomeView.swift */,
			);
			path = View;
			sourceTree = "<group>";
		};
		9EE687202BA1693100A3B9F2 /* ViewModel */ = {
			isa = PBXGroup;
			children = (
				9EE687242BA1697A00A3B9F2 /* PlaylistsViewModel.swift */,
			);
			path = ViewModel;
			sourceTree = "<group>";
		};
		9EE687212BA1693700A3B9F2 /* View */ = {
			isa = PBXGroup;
			children = (
				9EE687222BA1694400A3B9F2 /* PlaylistsView.swift */,
			);
			path = View;
			sourceTree = "<group>";
		};
		9EE687372BA504BF00A3B9F2 /* AuthService */ = {
			isa = PBXGroup;
			children = (
				9EE687382BA504C400A3B9F2 /* AuthServiceImpl */,
				9EE687392BA504D100A3B9F2 /* AuthService.swift */,
			);
			path = AuthService;
			sourceTree = "<group>";
		};
		9EE687382BA504C400A3B9F2 /* AuthServiceImpl */ = {
			isa = PBXGroup;
			children = (
				9EE6873B2BA5126400A3B9F2 /* AuthServiceImpl.swift */,
			);
			path = AuthServiceImpl;
			sourceTree = "<group>";
		};
		9EE687752BA51BAC00A3B9F2 /* Validation */ = {
			isa = PBXGroup;
			children = (
				9EE687762BA51BF200A3B9F2 /* ValidationUtil.swift */,
			);
			path = Validation;
			sourceTree = "<group>";
		};
		9EE687792BA63BC900A3B9F2 /* Auth */ = {
			isa = PBXGroup;
			children = (
				9EE6877D2BA63BF600A3B9F2 /* View */,
				9EE6877C2BA63BF300A3B9F2 /* ViewModel */,
			);
			path = Auth;
			sourceTree = "<group>";
		};
		9EE6877C2BA63BF300A3B9F2 /* ViewModel */ = {
			isa = PBXGroup;
			children = (
				9EE6878C2BA6418E00A3B9F2 /* AuthViewModel.swift */,
			);
			path = ViewModel;
			sourceTree = "<group>";
		};
		9EE6877D2BA63BF600A3B9F2 /* View */ = {
			isa = PBXGroup;
			children = (
				9EE6878A2BA6413200A3B9F2 /* AuthView.swift */,
				9EE6877E2BA63C0500A3B9F2 /* LoginView.swift */,
				9EE687822BA63CF800A3B9F2 /* SignUpView.swift */,
				9EE687992BA6938300A3B9F2 /* ResetPasswordView.swift */,
			);
			path = View;
			sourceTree = "<group>";
		};
		9EE687862BA63F9100A3B9F2 /* ViewModel */ = {
			isa = PBXGroup;
			children = (
				9EE687882BA63FE800A3B9F2 /* RootViewModel.swift */,
			);
			path = ViewModel;
			sourceTree = "<group>";
		};
		9EE687872BA63F9600A3B9F2 /* View */ = {
			isa = PBXGroup;
			children = (
				9E3306942B9E454700456572 /* RootView.swift */,
			);
			path = View;
			sourceTree = "<group>";
		};
		9EE6878E2BA645AE00A3B9F2 /* CircularProfileImage */ = {
			isa = PBXGroup;
			children = (
				9EE6878F2BA645C600A3B9F2 /* CircularProfileImageView.swift */,
			);
			path = CircularProfileImage;
			sourceTree = "<group>";
		};
		9EE687932BA6852300A3B9F2 /* StorageService */ = {
			isa = PBXGroup;
			children = (
				9EE687962BA6855100A3B9F2 /* StorageServiceImpl */,
				9EE687942BA6854200A3B9F2 /* StorageService.swift */,
			);
			path = StorageService;
			sourceTree = "<group>";
		};
		9EE687962BA6855100A3B9F2 /* StorageServiceImpl */ = {
			isa = PBXGroup;
			children = (
				9EE687972BA6856200A3B9F2 /* StorageServiceImpl.swift */,
			);
			path = StorageServiceImpl;
			sourceTree = "<group>";
		};
/* End PBXGroup section */

/* Begin PBXNativeTarget section */
		9E33068E2B9E454700456572 /* YouPlay */ = {
			isa = PBXNativeTarget;
			buildConfigurationList = 9E33069D2B9E454900456572 /* Build configuration list for PBXNativeTarget "YouPlay" */;
			buildPhases = (
				9E33068B2B9E454700456572 /* Sources */,
				9E33068C2B9E454700456572 /* Frameworks */,
				9E33068D2B9E454700456572 /* Resources */,
			);
			buildRules = (
			);
			dependencies = (
			);
			name = YouPlay;
			packageProductDependencies = (
				9EE6872B2BA5027000A3B9F2 /* FirebaseAnalytics */,
				9EE6872D2BA5027000A3B9F2 /* FirebaseAnalyticsOnDeviceConversion */,
				9EE6872F2BA5027000A3B9F2 /* FirebaseAnalyticsSwift */,
				9EE687312BA5027000A3B9F2 /* FirebaseAnalyticsWithoutAdIdSupport */,
				9EE687332BA5027000A3B9F2 /* FirebaseAppCheck */,
				9EE6873D2BA5133800A3B9F2 /* FirebaseAnalytics */,
				9EE6873F2BA5133800A3B9F2 /* FirebaseAnalyticsOnDeviceConversion */,
				9EE687412BA5133800A3B9F2 /* FirebaseAnalyticsSwift */,
				9EE687432BA5133800A3B9F2 /* FirebaseAnalyticsWithoutAdIdSupport */,
				9EE687452BA5133800A3B9F2 /* FirebaseAppCheck */,
				9EE687472BA5133800A3B9F2 /* FirebaseAppDistribution-Beta */,
				9EE687492BA5133800A3B9F2 /* FirebaseAuth */,
				9EE6874B2BA5133800A3B9F2 /* FirebaseAuthCombine-Community */,
				9EE6874D2BA5133800A3B9F2 /* FirebaseCrashlytics */,
				9EE6874F2BA5133800A3B9F2 /* FirebaseDatabase */,
				9EE687512BA5133800A3B9F2 /* FirebaseDatabaseSwift */,
				9EE687532BA5133800A3B9F2 /* FirebaseDynamicLinks */,
				9EE687552BA5133800A3B9F2 /* FirebaseFirestore */,
				9EE687572BA5133800A3B9F2 /* FirebaseFirestoreCombine-Community */,
				9EE687592BA5133800A3B9F2 /* FirebaseFirestoreSwift */,
				9EE6875B2BA5133800A3B9F2 /* FirebaseFunctions */,
				9EE6875D2BA5133800A3B9F2 /* FirebaseFunctionsCombine-Community */,
				9EE6875F2BA5133800A3B9F2 /* FirebaseInAppMessaging-Beta */,
				9EE687612BA5133800A3B9F2 /* FirebaseInAppMessagingSwift-Beta */,
				9EE687632BA5133800A3B9F2 /* FirebaseInstallations */,
				9EE687652BA5133800A3B9F2 /* FirebaseMLModelDownloader */,
				9EE687672BA5133800A3B9F2 /* FirebaseMessaging */,
				9EE687692BA5133800A3B9F2 /* FirebasePerformance */,
				9EE6876B2BA5133800A3B9F2 /* FirebaseRemoteConfig */,
				9EE6876D2BA5133800A3B9F2 /* FirebaseRemoteConfigSwift */,
				9EE6876F2BA5133800A3B9F2 /* FirebaseStorage */,
				9EE687712BA5133800A3B9F2 /* FirebaseStorageCombine-Community */,
				9E3134E02BA781030085F9B0 /* GoogleSignIn */,
				9E3134E22BA781030085F9B0 /* GoogleSignInSwift */,
			);
			productName = YouPlay;
			productReference = 9E33068F2B9E454700456572 /* YouPlay.app */;
			productType = "com.apple.product-type.application";
		};
/* End PBXNativeTarget section */

/* Begin PBXProject section */
		9E3306872B9E454700456572 /* Project object */ = {
			isa = PBXProject;
			attributes = {
				BuildIndependentTargetsInParallel = 1;
				LastSwiftUpdateCheck = 1510;
				LastUpgradeCheck = 1510;
				TargetAttributes = {
					9E33068E2B9E454700456572 = {
						CreatedOnToolsVersion = 15.1;
					};
				};
			};
			buildConfigurationList = 9E33068A2B9E454700456572 /* Build configuration list for PBXProject "YouPlay" */;
			compatibilityVersion = "Xcode 14.0";
			developmentRegion = en;
			hasScannedForEncodings = 0;
			knownRegions = (
				en,
				Base,
			);
			mainGroup = 9E3306862B9E454700456572;
			packageReferences = (
				9EE6872A2BA5027000A3B9F2 /* XCRemoteSwiftPackageReference "firebase-ios-sdk" */,
				9E3134DF2BA781020085F9B0 /* XCRemoteSwiftPackageReference "GoogleSignIn-iOS" */,
			);
			productRefGroup = 9E3306902B9E454700456572 /* Products */;
			projectDirPath = "";
			projectRoot = "";
			targets = (
				9E33068E2B9E454700456572 /* YouPlay */,
			);
		};
/* End PBXProject section */

/* Begin PBXResourcesBuildPhase section */
		9E33068D2B9E454700456572 /* Resources */ = {
			isa = PBXResourcesBuildPhase;
			buildActionMask = 2147483647;
			files = (
				9E33069A2B9E454900456572 /* Preview Assets.xcassets in Resources */,
				9E6B0A462BAF3FA200836A50 /* SpotifyService.plist in Resources */,
				9E3306972B9E454900456572 /* Assets.xcassets in Resources */,
				9EE687742BA519AC00A3B9F2 /* GoogleService-Info.plist in Resources */,
			);
			runOnlyForDeploymentPostprocessing = 0;
		};
/* End PBXResourcesBuildPhase section */

/* Begin PBXSourcesBuildPhase section */
		9E33068B2B9E454700456572 /* Sources */ = {
			isa = PBXSourcesBuildPhase;
			buildActionMask = 2147483647;
			files = (
				9EE687192BA1686700A3B9F2 /* SearchViewModel.swift in Sources */,
				9EE6873C2BA5126400A3B9F2 /* AuthServiceImpl.swift in Sources */,
				9EE687892BA63FE800A3B9F2 /* RootViewModel.swift in Sources */,
				9EE6879A2BA6938300A3B9F2 /* ResetPasswordView.swift in Sources */,
				9EE687152BA1683100A3B9F2 /* SearchView.swift in Sources */,
				9E6B0A512BB0F4F300836A50 /* NetworkService.swift in Sources */,
				9EE687272BA169F300A3B9F2 /* TabBarView.swift in Sources */,
				9EE687772BA51BF200A3B9F2 /* ValidationUtil.swift in Sources */,
				9E3306952B9E454700456572 /* RootView.swift in Sources */,
				9EE687952BA6854200A3B9F2 /* StorageService.swift in Sources */,
				9E3306B42B9E479100456572 /* UserService.swift in Sources */,
				9E3306BB2B9E52B500456572 /* UserServiceImpl.swift in Sources */,
				9EE687362BA5047A00A3B9F2 /* Constants.swift in Sources */,
				9EE687832BA63CF800A3B9F2 /* SignUpView.swift in Sources */,
				9E3306932B9E454700456572 /* YouPlayApp.swift in Sources */,
				9E6B0A482BB0E98300836A50 /* SpotifyResponses.swift in Sources */,
				9EE687252BA1697A00A3B9F2 /* PlaylistsViewModel.swift in Sources */,
				372C7BEC2BAE615600DCD41E /* SpotifyService.swift in Sources */,
				9EE687902BA645C600A3B9F2 /* CircularProfileImageView.swift in Sources */,
				372C7BEA2BAE614900DCD41E /* SpotifyServiceImpl.swift in Sources */,
				9EE6878B2BA6413200A3B9F2 /* AuthView.swift in Sources */,
				9EE6871F2BA1690100A3B9F2 /* HomeViewModel.swift in Sources */,
				9E3306B12B9E471B00456572 /* ProfileViewModel.swift in Sources */,
				9EE687922BA64D9600A3B9F2 /* Routes.swift in Sources */,
				9EE687232BA1694400A3B9F2 /* PlaylistsView.swift in Sources */,
				372C7BF62BAE773E00DCD41E /* ScrollableSongsView.swift in Sources */,
				9EE6871D2BA168E200A3B9F2 /* HomeView.swift in Sources */,
				9EE6873A2BA504D100A3B9F2 /* AuthService.swift in Sources */,
				9EE6878D2BA6418E00A3B9F2 /* AuthViewModel.swift in Sources */,
				9EE6877F2BA63C0500A3B9F2 /* LoginView.swift in Sources */,
				9E3306B92B9E4AAB00456572 /* ProfileView.swift in Sources */,
				372C7BF22BAE755200DCD41E /* Song.swift in Sources */,
				9EE687982BA6856200A3B9F2 /* StorageServiceImpl.swift in Sources */,
				372C7BE52BAE5C7E00DCD41E /* SongDetailView.swift in Sources */,
				9E3306AC2B9E467F00456572 /* User.swift in Sources */,
			);
			runOnlyForDeploymentPostprocessing = 0;
		};
/* End PBXSourcesBuildPhase section */

/* Begin XCBuildConfiguration section */
		9E33069B2B9E454900456572 /* Debug */ = {
			isa = XCBuildConfiguration;
			buildSettings = {
				ALWAYS_SEARCH_USER_PATHS = NO;
				ASSETCATALOG_COMPILER_GENERATE_SWIFT_ASSET_SYMBOL_EXTENSIONS = YES;
				CLANG_ANALYZER_NONNULL = YES;
				CLANG_ANALYZER_NUMBER_OBJECT_CONVERSION = YES_AGGRESSIVE;
				CLANG_CXX_LANGUAGE_STANDARD = "gnu++20";
				CLANG_ENABLE_MODULES = YES;
				CLANG_ENABLE_OBJC_ARC = YES;
				CLANG_ENABLE_OBJC_WEAK = YES;
				CLANG_WARN_BLOCK_CAPTURE_AUTORELEASING = YES;
				CLANG_WARN_BOOL_CONVERSION = YES;
				CLANG_WARN_COMMA = YES;
				CLANG_WARN_CONSTANT_CONVERSION = YES;
				CLANG_WARN_DEPRECATED_OBJC_IMPLEMENTATIONS = YES;
				CLANG_WARN_DIRECT_OBJC_ISA_USAGE = YES_ERROR;
				CLANG_WARN_DOCUMENTATION_COMMENTS = YES;
				CLANG_WARN_EMPTY_BODY = YES;
				CLANG_WARN_ENUM_CONVERSION = YES;
				CLANG_WARN_INFINITE_RECURSION = YES;
				CLANG_WARN_INT_CONVERSION = YES;
				CLANG_WARN_NON_LITERAL_NULL_CONVERSION = YES;
				CLANG_WARN_OBJC_IMPLICIT_RETAIN_SELF = YES;
				CLANG_WARN_OBJC_LITERAL_CONVERSION = YES;
				CLANG_WARN_OBJC_ROOT_CLASS = YES_ERROR;
				CLANG_WARN_QUOTED_INCLUDE_IN_FRAMEWORK_HEADER = YES;
				CLANG_WARN_RANGE_LOOP_ANALYSIS = YES;
				CLANG_WARN_STRICT_PROTOTYPES = YES;
				CLANG_WARN_SUSPICIOUS_MOVE = YES;
				CLANG_WARN_UNGUARDED_AVAILABILITY = YES_AGGRESSIVE;
				CLANG_WARN_UNREACHABLE_CODE = YES;
				CLANG_WARN__DUPLICATE_METHOD_MATCH = YES;
				COPY_PHASE_STRIP = NO;
				DEBUG_INFORMATION_FORMAT = dwarf;
				ENABLE_STRICT_OBJC_MSGSEND = YES;
				ENABLE_TESTABILITY = YES;
				ENABLE_USER_SCRIPT_SANDBOXING = YES;
				GCC_C_LANGUAGE_STANDARD = gnu17;
				GCC_DYNAMIC_NO_PIC = NO;
				GCC_NO_COMMON_BLOCKS = YES;
				GCC_OPTIMIZATION_LEVEL = 0;
				GCC_PREPROCESSOR_DEFINITIONS = (
					"DEBUG=1",
					"$(inherited)",
				);
				GCC_WARN_64_TO_32_BIT_CONVERSION = YES;
				GCC_WARN_ABOUT_RETURN_TYPE = YES_ERROR;
				GCC_WARN_UNDECLARED_SELECTOR = YES;
				GCC_WARN_UNINITIALIZED_AUTOS = YES_AGGRESSIVE;
				GCC_WARN_UNUSED_FUNCTION = YES;
				GCC_WARN_UNUSED_VARIABLE = YES;
				IPHONEOS_DEPLOYMENT_TARGET = 17.2;
				LOCALIZATION_PREFERS_STRING_CATALOGS = YES;
				MTL_ENABLE_DEBUG_INFO = INCLUDE_SOURCE;
				MTL_FAST_MATH = YES;
				ONLY_ACTIVE_ARCH = YES;
				SDKROOT = iphoneos;
				SWIFT_ACTIVE_COMPILATION_CONDITIONS = "DEBUG $(inherited)";
				SWIFT_OPTIMIZATION_LEVEL = "-Onone";
			};
			name = Debug;
		};
		9E33069C2B9E454900456572 /* Release */ = {
			isa = XCBuildConfiguration;
			buildSettings = {
				ALWAYS_SEARCH_USER_PATHS = NO;
				ASSETCATALOG_COMPILER_GENERATE_SWIFT_ASSET_SYMBOL_EXTENSIONS = YES;
				CLANG_ANALYZER_NONNULL = YES;
				CLANG_ANALYZER_NUMBER_OBJECT_CONVERSION = YES_AGGRESSIVE;
				CLANG_CXX_LANGUAGE_STANDARD = "gnu++20";
				CLANG_ENABLE_MODULES = YES;
				CLANG_ENABLE_OBJC_ARC = YES;
				CLANG_ENABLE_OBJC_WEAK = YES;
				CLANG_WARN_BLOCK_CAPTURE_AUTORELEASING = YES;
				CLANG_WARN_BOOL_CONVERSION = YES;
				CLANG_WARN_COMMA = YES;
				CLANG_WARN_CONSTANT_CONVERSION = YES;
				CLANG_WARN_DEPRECATED_OBJC_IMPLEMENTATIONS = YES;
				CLANG_WARN_DIRECT_OBJC_ISA_USAGE = YES_ERROR;
				CLANG_WARN_DOCUMENTATION_COMMENTS = YES;
				CLANG_WARN_EMPTY_BODY = YES;
				CLANG_WARN_ENUM_CONVERSION = YES;
				CLANG_WARN_INFINITE_RECURSION = YES;
				CLANG_WARN_INT_CONVERSION = YES;
				CLANG_WARN_NON_LITERAL_NULL_CONVERSION = YES;
				CLANG_WARN_OBJC_IMPLICIT_RETAIN_SELF = YES;
				CLANG_WARN_OBJC_LITERAL_CONVERSION = YES;
				CLANG_WARN_OBJC_ROOT_CLASS = YES_ERROR;
				CLANG_WARN_QUOTED_INCLUDE_IN_FRAMEWORK_HEADER = YES;
				CLANG_WARN_RANGE_LOOP_ANALYSIS = YES;
				CLANG_WARN_STRICT_PROTOTYPES = YES;
				CLANG_WARN_SUSPICIOUS_MOVE = YES;
				CLANG_WARN_UNGUARDED_AVAILABILITY = YES_AGGRESSIVE;
				CLANG_WARN_UNREACHABLE_CODE = YES;
				CLANG_WARN__DUPLICATE_METHOD_MATCH = YES;
				COPY_PHASE_STRIP = NO;
				DEBUG_INFORMATION_FORMAT = "dwarf-with-dsym";
				ENABLE_NS_ASSERTIONS = NO;
				ENABLE_STRICT_OBJC_MSGSEND = YES;
				ENABLE_USER_SCRIPT_SANDBOXING = YES;
				GCC_C_LANGUAGE_STANDARD = gnu17;
				GCC_NO_COMMON_BLOCKS = YES;
				GCC_WARN_64_TO_32_BIT_CONVERSION = YES;
				GCC_WARN_ABOUT_RETURN_TYPE = YES_ERROR;
				GCC_WARN_UNDECLARED_SELECTOR = YES;
				GCC_WARN_UNINITIALIZED_AUTOS = YES_AGGRESSIVE;
				GCC_WARN_UNUSED_FUNCTION = YES;
				GCC_WARN_UNUSED_VARIABLE = YES;
				IPHONEOS_DEPLOYMENT_TARGET = 17.2;
				LOCALIZATION_PREFERS_STRING_CATALOGS = YES;
				MTL_ENABLE_DEBUG_INFO = NO;
				MTL_FAST_MATH = YES;
				SDKROOT = iphoneos;
				SWIFT_COMPILATION_MODE = wholemodule;
				VALIDATE_PRODUCT = YES;
			};
			name = Release;
		};
		9E33069E2B9E454900456572 /* Debug */ = {
			isa = XCBuildConfiguration;
			buildSettings = {
				ASSETCATALOG_COMPILER_APPICON_NAME = AppIcon;
				ASSETCATALOG_COMPILER_GLOBAL_ACCENT_COLOR_NAME = AccentColor;
				CODE_SIGN_STYLE = Automatic;
				CURRENT_PROJECT_VERSION = 1;
				DEVELOPMENT_ASSET_PATHS = "\"YouPlay/Preview Content\"";
				DEVELOPMENT_TEAM = NT3V622V8B;
				ENABLE_PREVIEWS = YES;
				GENERATE_INFOPLIST_FILE = YES;
				INFOPLIST_FILE = YouPlay/Info.plist;
				INFOPLIST_KEY_UIApplicationSceneManifest_Generation = YES;
				INFOPLIST_KEY_UIApplicationSupportsIndirectInputEvents = YES;
				INFOPLIST_KEY_UILaunchScreen_Generation = YES;
				INFOPLIST_KEY_UISupportedInterfaceOrientations_iPad = "UIInterfaceOrientationPortrait UIInterfaceOrientationPortraitUpsideDown UIInterfaceOrientationLandscapeLeft UIInterfaceOrientationLandscapeRight";
				INFOPLIST_KEY_UISupportedInterfaceOrientations_iPhone = "UIInterfaceOrientationPortrait UIInterfaceOrientationLandscapeLeft UIInterfaceOrientationLandscapeRight";
				INFOPLIST_KEY_UIUserInterfaceStyle = Dark;
				LD_RUNPATH_SEARCH_PATHS = (
					"$(inherited)",
					"@executable_path/Frameworks",
				);
				MARKETING_VERSION = 1.0;
				PRODUCT_BUNDLE_IDENTIFIER = "com.you-play.YouPlay";
				PRODUCT_NAME = "$(TARGET_NAME)";
				SWIFT_EMIT_LOC_STRINGS = YES;
				SWIFT_VERSION = 5.0;
				TARGETED_DEVICE_FAMILY = "1,2";
			};
			name = Debug;
		};
		9E33069F2B9E454900456572 /* Release */ = {
			isa = XCBuildConfiguration;
			buildSettings = {
				ASSETCATALOG_COMPILER_APPICON_NAME = AppIcon;
				ASSETCATALOG_COMPILER_GLOBAL_ACCENT_COLOR_NAME = AccentColor;
				CODE_SIGN_STYLE = Automatic;
				CURRENT_PROJECT_VERSION = 1;
				DEVELOPMENT_ASSET_PATHS = "\"YouPlay/Preview Content\"";
				DEVELOPMENT_TEAM = NT3V622V8B;
				ENABLE_PREVIEWS = YES;
				GENERATE_INFOPLIST_FILE = YES;
				INFOPLIST_FILE = YouPlay/Info.plist;
				INFOPLIST_KEY_UIApplicationSceneManifest_Generation = YES;
				INFOPLIST_KEY_UIApplicationSupportsIndirectInputEvents = YES;
				INFOPLIST_KEY_UILaunchScreen_Generation = YES;
				INFOPLIST_KEY_UISupportedInterfaceOrientations_iPad = "UIInterfaceOrientationPortrait UIInterfaceOrientationPortraitUpsideDown UIInterfaceOrientationLandscapeLeft UIInterfaceOrientationLandscapeRight";
				INFOPLIST_KEY_UISupportedInterfaceOrientations_iPhone = "UIInterfaceOrientationPortrait UIInterfaceOrientationLandscapeLeft UIInterfaceOrientationLandscapeRight";
				INFOPLIST_KEY_UIUserInterfaceStyle = Dark;
				LD_RUNPATH_SEARCH_PATHS = (
					"$(inherited)",
					"@executable_path/Frameworks",
				);
				MARKETING_VERSION = 1.0;
				PRODUCT_BUNDLE_IDENTIFIER = "com.you-play.YouPlay";
				PRODUCT_NAME = "$(TARGET_NAME)";
				SWIFT_EMIT_LOC_STRINGS = YES;
				SWIFT_VERSION = 5.0;
				TARGETED_DEVICE_FAMILY = "1,2";
			};
			name = Release;
		};
/* End XCBuildConfiguration section */

/* Begin XCConfigurationList section */
		9E33068A2B9E454700456572 /* Build configuration list for PBXProject "YouPlay" */ = {
			isa = XCConfigurationList;
			buildConfigurations = (
				9E33069B2B9E454900456572 /* Debug */,
				9E33069C2B9E454900456572 /* Release */,
			);
			defaultConfigurationIsVisible = 0;
			defaultConfigurationName = Release;
		};
		9E33069D2B9E454900456572 /* Build configuration list for PBXNativeTarget "YouPlay" */ = {
			isa = XCConfigurationList;
			buildConfigurations = (
				9E33069E2B9E454900456572 /* Debug */,
				9E33069F2B9E454900456572 /* Release */,
			);
			defaultConfigurationIsVisible = 0;
			defaultConfigurationName = Release;
		};
/* End XCConfigurationList section */

/* Begin XCRemoteSwiftPackageReference section */
		9E3134DF2BA781020085F9B0 /* XCRemoteSwiftPackageReference "GoogleSignIn-iOS" */ = {
			isa = XCRemoteSwiftPackageReference;
			repositoryURL = "https://github.com/google/GoogleSignIn-iOS";
			requirement = {
				kind = upToNextMajorVersion;
				minimumVersion = 7.0.0;
			};
		};
		9EE6872A2BA5027000A3B9F2 /* XCRemoteSwiftPackageReference "firebase-ios-sdk" */ = {
			isa = XCRemoteSwiftPackageReference;
			repositoryURL = "https://github.com/firebase/firebase-ios-sdk";
			requirement = {
				kind = upToNextMajorVersion;
				minimumVersion = 10.22.1;
			};
		};
/* End XCRemoteSwiftPackageReference section */

/* Begin XCSwiftPackageProductDependency section */
		9E3134E02BA781030085F9B0 /* GoogleSignIn */ = {
			isa = XCSwiftPackageProductDependency;
			package = 9E3134DF2BA781020085F9B0 /* XCRemoteSwiftPackageReference "GoogleSignIn-iOS" */;
			productName = GoogleSignIn;
		};
		9E3134E22BA781030085F9B0 /* GoogleSignInSwift */ = {
			isa = XCSwiftPackageProductDependency;
			package = 9E3134DF2BA781020085F9B0 /* XCRemoteSwiftPackageReference "GoogleSignIn-iOS" */;
			productName = GoogleSignInSwift;
		};
		9EE6872B2BA5027000A3B9F2 /* FirebaseAnalytics */ = {
			isa = XCSwiftPackageProductDependency;
			package = 9EE6872A2BA5027000A3B9F2 /* XCRemoteSwiftPackageReference "firebase-ios-sdk" */;
			productName = FirebaseAnalytics;
		};
		9EE6872D2BA5027000A3B9F2 /* FirebaseAnalyticsOnDeviceConversion */ = {
			isa = XCSwiftPackageProductDependency;
			package = 9EE6872A2BA5027000A3B9F2 /* XCRemoteSwiftPackageReference "firebase-ios-sdk" */;
			productName = FirebaseAnalyticsOnDeviceConversion;
		};
		9EE6872F2BA5027000A3B9F2 /* FirebaseAnalyticsSwift */ = {
			isa = XCSwiftPackageProductDependency;
			package = 9EE6872A2BA5027000A3B9F2 /* XCRemoteSwiftPackageReference "firebase-ios-sdk" */;
			productName = FirebaseAnalyticsSwift;
		};
		9EE687312BA5027000A3B9F2 /* FirebaseAnalyticsWithoutAdIdSupport */ = {
			isa = XCSwiftPackageProductDependency;
			package = 9EE6872A2BA5027000A3B9F2 /* XCRemoteSwiftPackageReference "firebase-ios-sdk" */;
			productName = FirebaseAnalyticsWithoutAdIdSupport;
		};
		9EE687332BA5027000A3B9F2 /* FirebaseAppCheck */ = {
			isa = XCSwiftPackageProductDependency;
			package = 9EE6872A2BA5027000A3B9F2 /* XCRemoteSwiftPackageReference "firebase-ios-sdk" */;
			productName = FirebaseAppCheck;
		};
		9EE6873D2BA5133800A3B9F2 /* FirebaseAnalytics */ = {
			isa = XCSwiftPackageProductDependency;
			package = 9EE6872A2BA5027000A3B9F2 /* XCRemoteSwiftPackageReference "firebase-ios-sdk" */;
			productName = FirebaseAnalytics;
		};
		9EE6873F2BA5133800A3B9F2 /* FirebaseAnalyticsOnDeviceConversion */ = {
			isa = XCSwiftPackageProductDependency;
			package = 9EE6872A2BA5027000A3B9F2 /* XCRemoteSwiftPackageReference "firebase-ios-sdk" */;
			productName = FirebaseAnalyticsOnDeviceConversion;
		};
		9EE687412BA5133800A3B9F2 /* FirebaseAnalyticsSwift */ = {
			isa = XCSwiftPackageProductDependency;
			package = 9EE6872A2BA5027000A3B9F2 /* XCRemoteSwiftPackageReference "firebase-ios-sdk" */;
			productName = FirebaseAnalyticsSwift;
		};
		9EE687432BA5133800A3B9F2 /* FirebaseAnalyticsWithoutAdIdSupport */ = {
			isa = XCSwiftPackageProductDependency;
			package = 9EE6872A2BA5027000A3B9F2 /* XCRemoteSwiftPackageReference "firebase-ios-sdk" */;
			productName = FirebaseAnalyticsWithoutAdIdSupport;
		};
		9EE687452BA5133800A3B9F2 /* FirebaseAppCheck */ = {
			isa = XCSwiftPackageProductDependency;
			package = 9EE6872A2BA5027000A3B9F2 /* XCRemoteSwiftPackageReference "firebase-ios-sdk" */;
			productName = FirebaseAppCheck;
		};
		9EE687472BA5133800A3B9F2 /* FirebaseAppDistribution-Beta */ = {
			isa = XCSwiftPackageProductDependency;
			package = 9EE6872A2BA5027000A3B9F2 /* XCRemoteSwiftPackageReference "firebase-ios-sdk" */;
			productName = "FirebaseAppDistribution-Beta";
		};
		9EE687492BA5133800A3B9F2 /* FirebaseAuth */ = {
			isa = XCSwiftPackageProductDependency;
			package = 9EE6872A2BA5027000A3B9F2 /* XCRemoteSwiftPackageReference "firebase-ios-sdk" */;
			productName = FirebaseAuth;
		};
		9EE6874B2BA5133800A3B9F2 /* FirebaseAuthCombine-Community */ = {
			isa = XCSwiftPackageProductDependency;
			package = 9EE6872A2BA5027000A3B9F2 /* XCRemoteSwiftPackageReference "firebase-ios-sdk" */;
			productName = "FirebaseAuthCombine-Community";
		};
		9EE6874D2BA5133800A3B9F2 /* FirebaseCrashlytics */ = {
			isa = XCSwiftPackageProductDependency;
			package = 9EE6872A2BA5027000A3B9F2 /* XCRemoteSwiftPackageReference "firebase-ios-sdk" */;
			productName = FirebaseCrashlytics;
		};
		9EE6874F2BA5133800A3B9F2 /* FirebaseDatabase */ = {
			isa = XCSwiftPackageProductDependency;
			package = 9EE6872A2BA5027000A3B9F2 /* XCRemoteSwiftPackageReference "firebase-ios-sdk" */;
			productName = FirebaseDatabase;
		};
		9EE687512BA5133800A3B9F2 /* FirebaseDatabaseSwift */ = {
			isa = XCSwiftPackageProductDependency;
			package = 9EE6872A2BA5027000A3B9F2 /* XCRemoteSwiftPackageReference "firebase-ios-sdk" */;
			productName = FirebaseDatabaseSwift;
		};
		9EE687532BA5133800A3B9F2 /* FirebaseDynamicLinks */ = {
			isa = XCSwiftPackageProductDependency;
			package = 9EE6872A2BA5027000A3B9F2 /* XCRemoteSwiftPackageReference "firebase-ios-sdk" */;
			productName = FirebaseDynamicLinks;
		};
		9EE687552BA5133800A3B9F2 /* FirebaseFirestore */ = {
			isa = XCSwiftPackageProductDependency;
			package = 9EE6872A2BA5027000A3B9F2 /* XCRemoteSwiftPackageReference "firebase-ios-sdk" */;
			productName = FirebaseFirestore;
		};
		9EE687572BA5133800A3B9F2 /* FirebaseFirestoreCombine-Community */ = {
			isa = XCSwiftPackageProductDependency;
			package = 9EE6872A2BA5027000A3B9F2 /* XCRemoteSwiftPackageReference "firebase-ios-sdk" */;
			productName = "FirebaseFirestoreCombine-Community";
		};
		9EE687592BA5133800A3B9F2 /* FirebaseFirestoreSwift */ = {
			isa = XCSwiftPackageProductDependency;
			package = 9EE6872A2BA5027000A3B9F2 /* XCRemoteSwiftPackageReference "firebase-ios-sdk" */;
			productName = FirebaseFirestoreSwift;
		};
		9EE6875B2BA5133800A3B9F2 /* FirebaseFunctions */ = {
			isa = XCSwiftPackageProductDependency;
			package = 9EE6872A2BA5027000A3B9F2 /* XCRemoteSwiftPackageReference "firebase-ios-sdk" */;
			productName = FirebaseFunctions;
		};
		9EE6875D2BA5133800A3B9F2 /* FirebaseFunctionsCombine-Community */ = {
			isa = XCSwiftPackageProductDependency;
			package = 9EE6872A2BA5027000A3B9F2 /* XCRemoteSwiftPackageReference "firebase-ios-sdk" */;
			productName = "FirebaseFunctionsCombine-Community";
		};
		9EE6875F2BA5133800A3B9F2 /* FirebaseInAppMessaging-Beta */ = {
			isa = XCSwiftPackageProductDependency;
			package = 9EE6872A2BA5027000A3B9F2 /* XCRemoteSwiftPackageReference "firebase-ios-sdk" */;
			productName = "FirebaseInAppMessaging-Beta";
		};
		9EE687612BA5133800A3B9F2 /* FirebaseInAppMessagingSwift-Beta */ = {
			isa = XCSwiftPackageProductDependency;
			package = 9EE6872A2BA5027000A3B9F2 /* XCRemoteSwiftPackageReference "firebase-ios-sdk" */;
			productName = "FirebaseInAppMessagingSwift-Beta";
		};
		9EE687632BA5133800A3B9F2 /* FirebaseInstallations */ = {
			isa = XCSwiftPackageProductDependency;
			package = 9EE6872A2BA5027000A3B9F2 /* XCRemoteSwiftPackageReference "firebase-ios-sdk" */;
			productName = FirebaseInstallations;
		};
		9EE687652BA5133800A3B9F2 /* FirebaseMLModelDownloader */ = {
			isa = XCSwiftPackageProductDependency;
			package = 9EE6872A2BA5027000A3B9F2 /* XCRemoteSwiftPackageReference "firebase-ios-sdk" */;
			productName = FirebaseMLModelDownloader;
		};
		9EE687672BA5133800A3B9F2 /* FirebaseMessaging */ = {
			isa = XCSwiftPackageProductDependency;
			package = 9EE6872A2BA5027000A3B9F2 /* XCRemoteSwiftPackageReference "firebase-ios-sdk" */;
			productName = FirebaseMessaging;
		};
		9EE687692BA5133800A3B9F2 /* FirebasePerformance */ = {
			isa = XCSwiftPackageProductDependency;
			package = 9EE6872A2BA5027000A3B9F2 /* XCRemoteSwiftPackageReference "firebase-ios-sdk" */;
			productName = FirebasePerformance;
		};
		9EE6876B2BA5133800A3B9F2 /* FirebaseRemoteConfig */ = {
			isa = XCSwiftPackageProductDependency;
			package = 9EE6872A2BA5027000A3B9F2 /* XCRemoteSwiftPackageReference "firebase-ios-sdk" */;
			productName = FirebaseRemoteConfig;
		};
		9EE6876D2BA5133800A3B9F2 /* FirebaseRemoteConfigSwift */ = {
			isa = XCSwiftPackageProductDependency;
			package = 9EE6872A2BA5027000A3B9F2 /* XCRemoteSwiftPackageReference "firebase-ios-sdk" */;
			productName = FirebaseRemoteConfigSwift;
		};
		9EE6876F2BA5133800A3B9F2 /* FirebaseStorage */ = {
			isa = XCSwiftPackageProductDependency;
			package = 9EE6872A2BA5027000A3B9F2 /* XCRemoteSwiftPackageReference "firebase-ios-sdk" */;
			productName = FirebaseStorage;
		};
		9EE687712BA5133800A3B9F2 /* FirebaseStorageCombine-Community */ = {
			isa = XCSwiftPackageProductDependency;
			package = 9EE6872A2BA5027000A3B9F2 /* XCRemoteSwiftPackageReference "firebase-ios-sdk" */;
			productName = "FirebaseStorageCombine-Community";
		};
/* End XCSwiftPackageProductDependency section */
	};
	rootObject = 9E3306872B9E454700456572 /* Project object */;
}
